{
    "_meta": {
        "hash": {
            "sha256": "bcb47a2cc0ce6ba4b1b5a65cf288d5d5eaca744515a115da219896d23be12fc6"
        },
        "pipfile-spec": 6,
        "requires": {},
        "sources": [
            {
                "url": "https://pypi.python.org/simple",
                "verify_ssl": true
            }
        ]
    },
    "default": {
        "aiohttp": {
            "hashes": [
                "sha256:1a3cee4cd10de0ce6c37d7a35f437baa70ca87272a0ccd3d3e1a0383de2f189a",
                "sha256:25983293a073ae530bd4027fb82a9f16fcfe48335873582946d2dc3ed64337f0",
                "sha256:33630a2dc90fee1e05bd1b57cde51d65b571c61494a1a91772c8bc0896acb5c8",
                "sha256:390c1a2c7799519b3755a6e3f660842c3b1544e92a10ecd309ea97ce5c8c713d",
                "sha256:52fcb205ab8a43ddaf182c928f84e998a02213139b2b2636a26249569d9518bd",
                "sha256:5c5de2bc5004c2c60e5f256978ad711c1fb4dca00890ac7884ed92c6aa520608",
                "sha256:65b61cec34628c5a2e047f93555d93c29f4e29169839b421f62206b9f317f7ae",
                "sha256:98f0172f7760597b636431b7651f020b8dba6a816b2d7e263afa54a4f2f4d0a6",
                "sha256:9fcef0489e3335b200d31a9c1fb6ba80fdafe14cd82b971168c2f9fa1e4508ad",
                "sha256:aeb5f0ef22896122fa5a84bf37202d3f6ee2404f12176608259bc408509f4883",
                "sha256:b03578ad3f5ba6fa8b8614bd3628c4c33de92bd23af95ebd8f4de66bac35d3d8",
                "sha256:bc50ec0dd5887844653ce5d2dd5dab93fd2e2af44d4be65d6d5306fb4039f2bf",
                "sha256:c7a55a2bf7433ddf753ed46cf5a733c787524a41b933799541075dd8db9ead1b",
                "sha256:f883507d537a838d496755a14a41f2c34c7af5f39d7627e15d6b2a27578705b7",
                "sha256:feb271ced50b689b2e4d969a5bfb0a1cfd0cc05dd11cdde4e42d93e009e0b900"
            ],
            "version": "==3.1.3"
        },
        "async-timeout": {
            "hashes": [
                "sha256:00cff4d2dce744607335cba84e9929c3165632da2d27970dbc55802a0c7873d0",
                "sha256:9093db5b8ddbe4b8f6885d1a6e0ad84ae3155464cbf6877c387605244c285f3c"
            ],
            "version": "==2.0.1"
        },
        "attrs": {
            "hashes": [
                "sha256:29adc2665447e5191d0e7c568fde78b21f9672d344281d0c6e1ab085429b22b6",
                "sha256:86efa402f67bf2df34f51a335487cf46b1ec130d02b8d39fd248abfd30da551c"
            ],
            "markers": "python_version >= '3.5'",
            "version": "==22.1.0"
        },
        "cachetools": {
            "hashes": [
                "sha256:6a94c6402995a99c3970cc7e4884bb60b4a8639938157eeed436098bf9831757",
                "sha256:f9f17d2aec496a9aa6b76f53e3b614c965223c061982d434d160f930c698a9db"
            ],
            "markers": "python_version ~= '3.7'",
            "version": "==5.2.0"
        },
        "certifi": {
            "hashes": [
                "sha256:35824b4c3a97115964b408844d64aa14db1cc518f6562e8d7261699d1350a9e3",
                "sha256:4ad3232f5e926d6718ec31cfc1fcadfde020920e278684144551c91769c7bc18"
            ],
            "version": "==2022.12.7"
        },
        "chardet": {
            "hashes": [
                "sha256:84ab92ed1c4d4f16916e05906b6b75a6c0fb5db821cc65e70cbd64a3e2a5eaae",
                "sha256:fc323ffcaeaed0e0a02bf4d117757b98aed530d9ed4531e3e15460124c106691"
            ],
            "version": "==3.0.4"
        },
        "google-api-core": {
            "extras": [
                "grpc"
            ],
            "hashes": [
                "sha256:6fb380f49d19ee1d09a9722d0379042b7edb06c0112e4796c7a395078a043e71",
                "sha256:7421474c39d396a74dfa317dddbc69188f2336835f526087c7648f91105e32ff"
            ],
            "markers": "python_version >= '3.7'",
            "version": "==1.34.0"
        },
        "google-auth": {
            "hashes": [
                "sha256:6897b93556d8d807ad70701bb89f000183aea366ca7ed94680828b37437a4994",
                "sha256:72f12a6cfc968d754d7bdab369c5c5c16032106e52d32c6dfd8484e4c01a6d1f"
            ],
            "markers": "python_version >= '2.7' and python_version not in '3.0, 3.1, 3.2, 3.3, 3.4, 3.5'",
            "version": "==2.15.0"
        },
        "google-cloud-core": {
            "hashes": [
                "sha256:0090df83dbc5cb2405fa90844366d13176d1c0b48181c1807ab15f53be403f73",
                "sha256:89e8140a288acec20c5e56159461d3afa4073570c9758c05d4e6cb7f2f8cc440"
            ],
            "version": "==0.28.1"
        },
        "google-cloud-firestore": {
            "hashes": [
                "sha256:a71e36aa39771e51555c3cd9a6bd86f0cc016cef203edda9b0e8fc25f2090211",
                "sha256:e34c3d45a3deb0af92cbde769f14ab54fdec7c5cd21b5f49a73cf9b9d3f8d342"
            ],
            "version": "==0.29.0"
        },
        "googleapis-common-protos": {
            "hashes": [
                "sha256:27a849d6205838fb6cc3c1c21cb9800707a661bb21c6ce7fb13e99eb1f8a0c46",
                "sha256:a9f4a1d7f6d9809657b7f1316a1aa527f6664891531bcfcc13b6696e685f443c"
            ],
            "markers": "python_version >= '3.7'",
            "version": "==1.57.0"
        },
        "grpcio": {
            "hashes": [
                "sha256:094e64236253590d9d4075665c77b329d707b6fca864dd62b144255e199b4f87",
                "sha256:0dc5354e38e5adf2498312f7241b14c7ce3484eefa0082db4297189dcbe272e6",
                "sha256:0e1a9e1b4a23808f1132aa35f968cd8e659f60af3ffd6fb00bcf9a65e7db279f",
                "sha256:0fb93051331acbb75b49a2a0fd9239c6ba9528f6bdc1dd400ad1cb66cf864292",
                "sha256:16c71740640ba3a882f50b01bf58154681d44b51f09a5728180a8fdc66c67bd5",
                "sha256:172405ca6bdfedd6054c74c62085946e45ad4d9cec9f3c42b4c9a02546c4c7e9",
                "sha256:17ec9b13cec4a286b9e606b48191e560ca2f3bbdf3986f91e480a95d1582e1a7",
                "sha256:22b011674090594f1f3245960ced7386f6af35485a38901f8afee8ad01541dbd",
                "sha256:24ac1154c4b2ab4a0c5326a76161547e70664cd2c39ba75f00fc8a2170964ea2",
                "sha256:257478300735ce3c98d65a930bbda3db172bd4e00968ba743e6a1154ea6edf10",
                "sha256:29cb97d41a4ead83b7bcad23bdb25bdd170b1e2cba16db6d3acbb090bc2de43c",
                "sha256:2b170eaf51518275c9b6b22ccb59450537c5a8555326fd96ff7391b5dd75303c",
                "sha256:31bb6bc7ff145e2771c9baf612f4b9ebbc9605ccdc5f3ff3d5553de7fc0e0d79",
                "sha256:3c2b3842dcf870912da31a503454a33a697392f60c5e2697c91d133130c2c85d",
                "sha256:3f9b0023c2c92bebd1be72cdfca23004ea748be1813a66d684d49d67d836adde",
                "sha256:471d39d3370ca923a316d49c8aac66356cea708a11e647e3bdc3d0b5de4f0a40",
                "sha256:49d680356a975d9c66a678eb2dde192d5dc427a7994fb977363634e781614f7c",
                "sha256:4c4423ea38a7825b8fed8934d6d9aeebdf646c97e3c608c3b0bcf23616f33877",
                "sha256:506b9b7a4cede87d7219bfb31014d7b471cfc77157da9e820a737ec1ea4b0663",
                "sha256:538d981818e49b6ed1e9c8d5e5adf29f71c4e334e7d459bf47e9b7abb3c30e09",
                "sha256:59dffade859f157bcc55243714d57b286da6ae16469bf1ac0614d281b5f49b67",
                "sha256:5a6ebcdef0ef12005d56d38be30f5156d1cb3373b52e96f147f4a24b0ddb3a9d",
                "sha256:5dca372268c6ab6372d37d6b9f9343e7e5b4bc09779f819f9470cd88b2ece3c3",
                "sha256:6df3b63538c362312bc5fa95fb965069c65c3ea91d7ce78ad9c47cab57226f54",
                "sha256:6f0b89967ee11f2b654c23b27086d88ad7bf08c0b3c2a280362f28c3698b2896",
                "sha256:75e29a90dc319f0ad4d87ba6d20083615a00d8276b51512e04ad7452b5c23b04",
                "sha256:7942b32a291421460d6a07883033e392167d30724aa84987e6956cd15f1a21b9",
                "sha256:9235dcd5144a83f9ca6f431bd0eccc46b90e2c22fe27b7f7d77cabb2fb515595",
                "sha256:97d67983189e2e45550eac194d6234fc38b8c3b5396c153821f2d906ed46e0ce",
                "sha256:9ff42c5620b4e4530609e11afefa4a62ca91fa0abb045a8957e509ef84e54d30",
                "sha256:a8a0b77e992c64880e6efbe0086fe54dfc0bbd56f72a92d9e48264dcd2a3db98",
                "sha256:aacb54f7789ede5cbf1d007637f792d3e87f1c9841f57dd51abf89337d1b8472",
                "sha256:bc59f7ba87972ab236f8669d8ca7400f02a0eadf273ca00e02af64d588046f02",
                "sha256:cc2bece1737b44d878cc1510ea04469a8073dbbcdd762175168937ae4742dfb3",
                "sha256:cd3baccea2bc5c38aeb14e5b00167bd4e2373a373a5e4d8d850bd193edad150c",
                "sha256:dad6533411d033b77f5369eafe87af8583178efd4039c41d7515d3336c53b4f1",
                "sha256:e223a9793522680beae44671b9ed8f6d25bbe5ddf8887e66aebad5e0686049ef",
                "sha256:e473525c28251558337b5c1ad3fa969511e42304524a4e404065e165b084c9e4",
                "sha256:e4ef09f8997c4be5f3504cefa6b5c6cc3cf648274ce3cede84d4342a35d76db6",
                "sha256:e6dfc2b6567b1c261739b43d9c59d201c1b89e017afd9e684d85aa7a186c9f7a",
                "sha256:eacad297ea60c72dd280d3353d93fb1dcca952ec11de6bb3c49d12a572ba31dd",
                "sha256:f1158bccbb919da42544a4d3af5d9296a3358539ffa01018307337365a9a0c64",
                "sha256:f1fec3abaf274cdb85bf3878167cfde5ad4a4d97c68421afda95174de85ba813",
                "sha256:f96ace1540223f26fbe7c4ebbf8a98e3929a6aa0290c8033d12526847b291c0f",
                "sha256:fbdbe9a849854fe484c00823f45b7baab159bdd4a46075302281998cb8719df5"
            ],
            "version": "==1.51.1"
        },
        "grpcio-status": {
            "hashes": [
                "sha256:2c33bbdbe20188b2953f46f31af669263b6ee2a9b2d38fa0d36ee091532e21bf",
                "sha256:53695f45da07437b7c344ee4ef60d370fd2850179f5a28bb26d8e2aa1102ec11"
            ],
            "version": "==1.48.2"
        },
        "idna": {
            "hashes": [
                "sha256:2c6a5de3089009e3da7c5dde64a141dbc8551d5b7f6cf4ed7c2568d0cc520a8f",
                "sha256:8c7309c718f94b3a625cb648ace320157ad16ff131ae0af362c9f21b80ef6ec4"
            ],
            "version": "==2.6"
        },
        "lxml": {
            "hashes": [
                "sha256:01c45df6d90497c20aa2a07789a41941f9a1029faa30bf725fc7f6d515b1afe9",
                "sha256:0c9fef4f8d444e337df96c54544aeb85b7215b2ed7483bb6c35de97ac99f1bcd",
                "sha256:0e3cd94c95d30ba9ca3cff40e9b2a14e1a10a4fd8131105b86c6b61648f57e4b",
                "sha256:0e7996e9b46b4d8b4ac1c329a00e2d10edcd8380b95d2a676fccabf4c1dd0512",
                "sha256:1858b1933d483ec5727549d3fe166eeb54229fbd6a9d3d7ea26d2c8a28048058",
                "sha256:1b164bba1320b14905dcff77da10d5ce9c411ac4acc4fb4ed9a2a4d10fae38c9",
                "sha256:1b46f37927fa6cd1f3fe34b54f1a23bd5bea1d905657289e08e1297069a1a597",
                "sha256:231047b05907315ae9a9b6925751f9fd2c479cf7b100fff62485a25e382ca0d4",
                "sha256:28f0c6652c1b130f1e576b60532f84b19379485eb8da6185c29bd8c9c9bc97bf",
                "sha256:34d49d0f72dd82b9530322c48b70ac78cca0911275da741c3b1d2f3603c5f295",
                "sha256:3682a17fbf72d56d7e46db2e80ca23850b79c28cfe75dcd9b82f58808f730909",
                "sha256:3cf2830b9a6ad7f6e965fa53a768d4d2372a7856f20ffa6ce43d2fe9c0d34b19",
                "sha256:5b653c9379ce29ce271fbe1010c5396670f018e78b643e21beefbb3dc6d291de",
                "sha256:65a272821d5d8194358d6b46f3ca727fa56a6b63981606eac737c86d27309cdd",
                "sha256:691f2cd97cf026c611df1ea5055755eec7f878f2d4f4330dc8686583de6fc5fd",
                "sha256:6b6379495d3baacf7ed755ac68547c8dff6ce5d37bf370f0b7678888dc1283f9",
                "sha256:75322a531504d4f383264391d89993a42e286da8821ddc5ac315e57305cb84f0",
                "sha256:7f457cbda964257f443bac861d3a36732dcba8183149e7818ee2fb7c86901b94",
                "sha256:7ff1fc76d8804e0f870c343a72007ff587090c218b0f92d8ee784ac2b6eaf5b9",
                "sha256:8523fbde9c2216f3f2b950cb01ebe52e785eaa8a07ffeb456dd3576ca1b4fb9b",
                "sha256:8f37627f16e026523fca326f1b5c9a43534862fede6c3e99c2ba6a776d75c1ab",
                "sha256:a7182ea298cc3555ea56ffbb0748fe0d5e0d81451e2bc16d7f4645cd01b1ca70",
                "sha256:abbd2fb4a5a04c11b5e04eb146659a0cf67bb237dd3d7ca3b9994d3a9f826e55",
                "sha256:accc9f6b77bed0a6f267b4fae120f6008a951193d548cdbe9b61fc98a08b1cf8",
                "sha256:bd88c8ce0d1504fdfd96a35911dd4f3edfb2e560d7cfdb5a3d09aa571ae5fbae",
                "sha256:c557ad647facb3c0027a9d0af58853f905e85a0a2f04dcb73f8e665272fcdc3a",
                "sha256:defabb7fbb99f9f7b3e0b24b286a46855caef4776495211b066e9e6592d12b04",
                "sha256:e2629cdbcad82b83922a3488937632a4983ecc0fed3e5cfbf430d069382eeb9b"
            ],
            "version": "==4.2.1"
        },
        "multidict": {
            "hashes": [
                "sha256:1ece5a3369835c20ed57adadc663400b5525904e53bae59ec854a5d36b39b21a",
                "sha256:275ca32383bc5d1894b6975bb4ca6a7ff16ab76fa622967625baeebcf8079000",
                "sha256:3750f2205b800aac4bb03b5ae48025a64e474d2c6cc79547988ba1d4122a09e2",
                "sha256:4538273208e7294b2659b1602490f4ed3ab1c8cf9dbdd817e0e9db8e64be2507",
                "sha256:5141c13374e6b25fe6bf092052ab55c0c03d21bd66c94a0e3ae371d3e4d865a5",
                "sha256:51a4d210404ac61d32dada00a50ea7ba412e6ea945bbe992e4d7a595276d2ec7",
                "sha256:5cf311a0f5ef80fe73e4f4c0f0998ec08f954a6ec72b746f3c179e37de1d210d",
                "sha256:6513728873f4326999429a8b00fc7ceddb2509b01d5fd3f3be7881a257b8d463",
                "sha256:7388d2ef3c55a8ba80da62ecfafa06a1c097c18032a501ffd4cabbc52d7f2b19",
                "sha256:9456e90649005ad40558f4cf51dbb842e32807df75146c6d940b6f5abb4a78f3",
                "sha256:c026fe9a05130e44157b98fea3ab12969e5b60691a276150db9eda71710cd10b",
                "sha256:d14842362ed4cf63751648e7672f7174c9818459d169231d03c56e84daf90b7c",
                "sha256:e0d072ae0f2a179c375f67e3da300b47e1a83293c554450b29c900e50afaae87",
                "sha256:f07acae137b71af3bb548bd8da720956a3bc9f9a0b87733e0899226a2317aeb7",
                "sha256:fbb77a75e529021e7c4a8d4e823d88ef4d23674a202be4f5addffc72cbb91430",
                "sha256:fcfbb44c59af3f8ea984de67ec7c306f618a3ec771c2843804069917a8f2e255",
                "sha256:feed85993dbdb1dbc29102f50bca65bdc68f2c0c8d352468c25b54874f23c39d"
            ],
            "markers": "python_version >= '3.5'",
            "version": "==4.7.6"
        },
        "protobuf": {
            "hashes": [
                "sha256:03038ac1cfbc41aa21f6afcbcd357281d7521b4157926f30ebecc8d4ea59dcb7",
                "sha256:28545383d61f55b57cf4df63eebd9827754fd2dc25f80c5253f9184235db242c",
                "sha256:2e3427429c9cffebf259491be0af70189607f365c2f41c7c3764af6f337105f2",
                "sha256:398a9e0c3eaceb34ec1aee71894ca3299605fa8e761544934378bbc6c97de23b",
                "sha256:44246bab5dd4b7fbd3c0c80b6f16686808fab0e4aca819ade6e8d294a29c7050",
                "sha256:447d43819997825d4e71bf5769d869b968ce96848b6479397e29fc24c4a5dfe9",
                "sha256:67a3598f0a2dcbc58d02dd1928544e7d88f764b47d4a286202913f0b2801c2e7",
                "sha256:74480f79a023f90dc6e18febbf7b8bac7508420f2006fabd512013c0c238f454",
                "sha256:819559cafa1a373b7096a482b504ae8a857c89593cf3a25af743ac9ecbd23480",
                "sha256:899dc660cd599d7352d6f10d83c95df430a38b410c1b66b407a6b29265d66469",
                "sha256:8c0c984a1b8fef4086329ff8dd19ac77576b384079247c770f29cc8ce3afa06c",
                "sha256:9aae4406ea63d825636cc11ffb34ad3379335803216ee3a856787bcf5ccc751e",
                "sha256:a7ca6d488aa8ff7f329d4c545b2dbad8ac31464f1d8b1c87ad1346717731e4db",
                "sha256:b6cc7ba72a8850621bfec987cb72623e703b7fe2b9127a161ce61e61558ad905",
                "sha256:bf01b5720be110540be4286e791db73f84a2b721072a3711efff6c324cdf074b",
                "sha256:c02ce36ec760252242a33967d51c289fd0e1c0e6e5cc9397e2279177716add86",
                "sha256:d9e4432ff660d67d775c66ac42a67cf2453c27cb4d738fc22cb53b5d84c135d4",
                "sha256:daa564862dd0d39c00f8086f88700fdbe8bc717e993a21e90711acfed02f2402",
                "sha256:de78575669dddf6099a8a0f46a27e82a1783c557ccc38ee620ed8cc96d3be7d7",
                "sha256:e64857f395505ebf3d2569935506ae0dfc4a15cb80dc25261176c784662cdcc4",
                "sha256:f4bd856d702e5b0d96a00ec6b307b0f51c1982c2bf9c0052cf9019e9a544ba99",
                "sha256:f4c42102bc82a51108e449cbb32b19b180022941c727bac0cfd50170341f16ee"
            ],
            "markers": "python_version >= '3.7'",
            "version": "==3.20.3"
        },
        "psycopg2": {
            "hashes": [
                "sha256:027ae518d0e3b8fff41990e598bc7774c3d08a3a20e9ecc0b59fb2aaaf152f7f",
                "sha256:092a80da1b052a181b6e6c765849c9b32d46c5dac3b81bf8c9b83e697f3cdbe8",
                "sha256:0b9851e798bae024ed1a2a6377a8dab4b8a128a56ed406f572f9f06194e4b275",
                "sha256:179c52eb870110a8c1b460c86d4f696d58510ea025602cd3f81453746fccb94f",
                "sha256:19983b77ec1fc2a210092aa0333ee48811fd9fb5f194c6cd5b927ed409aea5f8",
                "sha256:1d90379d01d0dc50ae9b40c863933d87ff82d51dd7d52cea5d1cb7019afd72cd",
                "sha256:27467fd5af1dcc0a82d72927113b8f92da8f44b2efbdb8906bd76face95b596d",
                "sha256:32702e3bd8bfe12b36226ba9846ed9e22336fc4bd710039d594b36bd432ae255",
                "sha256:33f9e1032095e1436fa9ec424abcbd4c170da934fb70e391c5d78275d0307c75",
                "sha256:36030ca7f4b4519ee4f52a74edc4ec73c75abfb6ea1d80ac7480953d1c0aa3c3",
                "sha256:363fbbf4189722fc46779be1fad2597e2c40b3f577dc618f353a46391cf5d235",
                "sha256:6f302c486132f8dd11f143e919e236ea4467d53bf18c451cac577e6988ecbd05",
                "sha256:733166464598c239323142c071fa4c9b91c14359176e5ae7e202db6bcc1d2eb5",
                "sha256:7cbc3b21ce2f681ca9ad2d8c0901090b23a30c955e980ebf1006d41f37068a95",
                "sha256:888bba7841116e529f407f15c6d28fe3ef0760df8c45257442ec2f14f161c871",
                "sha256:8966829cb0d21a08a3c5ac971a2eb67c3927ae27c247300a8476554cc0ce2ae8",
                "sha256:8bf51191d60f6987482ef0cfe8511bbf4877a5aa7f313d7b488b53189cf26209",
                "sha256:8eb94c0625c529215b53c08fb4e461546e2f3fc96a49c13d5474b5ad7aeab6cf",
                "sha256:8ebba5314c609a05c6955e5773c7e0e57b8dd817e4f751f30de729be58fa5e78",
                "sha256:932a4c101af007cb3132b1f8a9ffef23386acc53dad46536dc5ba43a3235ae02",
                "sha256:ad75fe10bea19ad2188c5cb5fc4cdf53ee808d9b44578c94a3cd1e9fc2beb656",
                "sha256:aeaba399254ca79c299d9fe6aa811d3c3eac61458dee10270de7f4e71c624998",
                "sha256:b178e0923c93393e16646155794521e063ec17b7cc9f943f15b7d4b39776ea2c",
                "sha256:b68e89bb086a9476fa85298caab43f92d0a6af135a5f433d1f6b6d82cafa7b55",
                "sha256:d74cf9234ba76426add5e123449be08993a9b13ff434c6efa3a07caa305a619f",
                "sha256:f3d3a88128f0c219bdc5b2d9ccd496517199660cea021c560a3252116df91cbd",
                "sha256:fe6a7f87356116f5ea840c65b032af17deef0e1a5c34013a2962dd6f99b860dd"
            ],
            "version": "==2.7.4"
        },
        "pyasn1": {
            "hashes": [
                "sha256:014c0e9976956a08139dc0712ae195324a75e142284d5f87f1a87ee1b068a359",
                "sha256:03840c999ba71680a131cfaee6fab142e1ed9bbd9c693e285cc6aca0d555e576",
                "sha256:0458773cfe65b153891ac249bcf1b5f8f320b7c2ce462151f8fa74de8934becf",
                "sha256:08c3c53b75eaa48d71cf8c710312316392ed40899cb34710d092e96745a358b7",
                "sha256:39c7e2ec30515947ff4e87fb6f456dfc6e84857d34be479c9d4a4ba4bf46aa5d",
                "sha256:5c9414dcfede6e441f7e8f81b43b34e834731003427e5b09e4e00e3172a10f00",
                "sha256:6e7545f1a61025a4e58bb336952c5061697da694db1cae97b116e9c46abcf7c8",
                "sha256:78fa6da68ed2727915c4767bb386ab32cdba863caa7dbe473eaae45f9959da86",
                "sha256:7ab8a544af125fb704feadb008c99a88805126fb525280b2270bb25cc1d78a12",
                "sha256:99fcc3c8d804d1bc6d9a099921e39d827026409a58f2a720dcdb89374ea0c776",
                "sha256:aef77c9fb94a3ac588e87841208bdec464471d9871bd5050a287cc9a475cd0ba",
                "sha256:e89bf84b5437b532b0803ba5c9a5e054d21fec423a89952a74f87fa2c9b7bce2",
                "sha256:fec3e9d8e36808a28efb59b489e4528c10ad0f480e57dcc32b4de5c9d8c9fdf3"
            ],
            "version": "==0.4.8"
        },
        "pyasn1-modules": {
            "hashes": [
                "sha256:0845a5582f6a02bb3e1bde9ecfc4bfcae6ec3210dd270522fee602365430c3f8",
                "sha256:0fe1b68d1e486a1ed5473f1302bd991c1611d319bba158e98b106ff86e1d7199",
                "sha256:15b7c67fabc7fc240d87fb9aabf999cf82311a6d6fb2c70d00d3d0604878c811",
                "sha256:426edb7a5e8879f1ec54a1864f16b882c2837bfd06eee62f2c982315ee2473ed",
                "sha256:65cebbaffc913f4fe9e4808735c95ea22d7a7775646ab690518c056784bc21b4",
                "sha256:905f84c712230b2c592c19470d3ca8d552de726050d1d1716282a1f6146be65e",
                "sha256:a50b808ffeb97cb3601dd25981f6b016cbb3d31fbf57a8b8a87428e6158d0c74",
                "sha256:a99324196732f53093a84c4369c996713eb8c89d360a496b599fb1a9c47fc3eb",
                "sha256:b80486a6c77252ea3a3e9b1e360bc9cf28eaac41263d173c032581ad2f20fe45",
                "sha256:c29a5e5cc7a3f05926aff34e097e84f8589cd790ce0ed41b67aed6857b26aafd",
                "sha256:cbac4bc38d117f2a49aeedec4407d23e8866ea4ac27ff2cf7fb3e5b570df19e0",
                "sha256:f39edd8c4ecaa4556e989147ebf219227e2cd2e8a43c7e7fcb1f1c18c5fd6a3d",
                "sha256:fe0644d9ab041506b62782e92b06b8c68cca799e1a9636ec398675459e031405"
            ],
            "version": "==0.2.8"
        },
        "requests": {
            "hashes": [
                "sha256:6a1b267aa90cac58ac3a765d067950e7dbbf75b1da07e895d1f594193a40a38b",
                "sha256:9c443e7324ba5b85070c4a818ade28bfabedf16ea10206da1132edaa6dda237e"
            ],
            "version": "==2.18.4"
        },
        "rsa": {
            "hashes": [
                "sha256:90260d9058e514786967344d0ef75fa8727eed8a7d2e43ce9f4bcf1b536174f7",
                "sha256:e38464a49c6c85d7f1351b0126661487a7e0a14a50f1675ec50eb34d4f20ef21"
            ],
            "markers": "python_version >= '3.6'",
            "version": "==4.9"
        },
        "six": {
            "hashes": [
                "sha256:1e61c37477a1626458e36f7b1d82aa5c9b094fa4802892072e49de9c60c4c926",
                "sha256:8abb2f1d86890a2dfb989f9a77cfcfd3e47c2a354b01111771326f8aa26e0254"
            ],
            "markers": "python_version >= '2.7' and python_version not in '3.0, 3.1, 3.2, 3.3'",
            "version": "==1.16.0"
        },
        "sqlalchemy": {
            "hashes": [
                "sha256:7cb00cc9b9f92ef8b4391c8a2051f81eeafefe32d63c6b395fd51401e9a39edb"
            ],
            "version": "==1.2.6"
        },
        "urllib3": {
            "hashes": [
                "sha256:06330f386d6e4b195fbfc736b297f58c5a892e4440e54d294d7004e3a9bbea1b",
                "sha256:cc44da8e1145637334317feebd728bd869a35285b93cbb4cca2577da7e62db4f"
            ],
            "version": "==1.22"
        },
        "yarl": {
            "hashes": [
                "sha256:009a028127e0a1755c38b03244c0bea9d5565630db9c4cf9572496e947137a87",
                "sha256:0414fd91ce0b763d4eadb4456795b307a71524dbacd015c657bb2a39db2eab89",
                "sha256:0978f29222e649c351b173da2b9b4665ad1feb8d1daa9d971eb90df08702668a",
                "sha256:0ef8fb25e52663a1c85d608f6dd72e19bd390e2ecaf29c17fb08f730226e3a08",
                "sha256:10b08293cda921157f1e7c2790999d903b3fd28cd5c208cf8826b3b508026996",
                "sha256:1684a9bd9077e922300ecd48003ddae7a7474e0412bea38d4631443a91d61077",
                "sha256:1b372aad2b5f81db66ee7ec085cbad72c4da660d994e8e590c997e9b01e44901",
                "sha256:1e21fb44e1eff06dd6ef971d4bdc611807d6bd3691223d9c01a18cec3677939e",
                "sha256:2305517e332a862ef75be8fad3606ea10108662bc6fe08509d5ca99503ac2aee",
                "sha256:24ad1d10c9db1953291f56b5fe76203977f1ed05f82d09ec97acb623a7976574",
                "sha256:272b4f1599f1b621bf2aabe4e5b54f39a933971f4e7c9aa311d6d7dc06965165",
                "sha256:2a1fca9588f360036242f379bfea2b8b44cae2721859b1c56d033adfd5893634",
                "sha256:2b4fa2606adf392051d990c3b3877d768771adc3faf2e117b9de7eb977741229",
                "sha256:3150078118f62371375e1e69b13b48288e44f6691c1069340081c3fd12c94d5b",
                "sha256:326dd1d3caf910cd26a26ccbfb84c03b608ba32499b5d6eeb09252c920bcbe4f",
                "sha256:34c09b43bd538bf6c4b891ecce94b6fa4f1f10663a8d4ca589a079a5018f6ed7",
                "sha256:388a45dc77198b2460eac0aca1efd6a7c09e976ee768b0d5109173e521a19daf",
                "sha256:3adeef150d528ded2a8e734ebf9ae2e658f4c49bf413f5f157a470e17a4a2e89",
                "sha256:3edac5d74bb3209c418805bda77f973117836e1de7c000e9755e572c1f7850d0",
                "sha256:3f6b4aca43b602ba0f1459de647af954769919c4714706be36af670a5f44c9c1",
                "sha256:3fc056e35fa6fba63248d93ff6e672c096f95f7836938241ebc8260e062832fe",
                "sha256:418857f837347e8aaef682679f41e36c24250097f9e2f315d39bae3a99a34cbf",
                "sha256:42430ff511571940d51e75cf42f1e4dbdded477e71c1b7a17f4da76c1da8ea76",
                "sha256:44ceac0450e648de86da8e42674f9b7077d763ea80c8ceb9d1c3e41f0f0a9951",
                "sha256:47d49ac96156f0928f002e2424299b2c91d9db73e08c4cd6742923a086f1c863",
                "sha256:48dd18adcf98ea9cd721a25313aef49d70d413a999d7d89df44f469edfb38a06",
                "sha256:49d43402c6e3013ad0978602bf6bf5328535c48d192304b91b97a3c6790b1562",
                "sha256:4d04acba75c72e6eb90745447d69f84e6c9056390f7a9724605ca9c56b4afcc6",
                "sha256:57a7c87927a468e5a1dc60c17caf9597161d66457a34273ab1760219953f7f4c",
                "sha256:58a3c13d1c3005dbbac5c9f0d3210b60220a65a999b1833aa46bd6677c69b08e",
                "sha256:5df5e3d04101c1e5c3b1d69710b0574171cc02fddc4b23d1b2813e75f35a30b1",
                "sha256:63243b21c6e28ec2375f932a10ce7eda65139b5b854c0f6b82ed945ba526bff3",
                "sha256:64dd68a92cab699a233641f5929a40f02a4ede8c009068ca8aa1fe87b8c20ae3",
                "sha256:6604711362f2dbf7160df21c416f81fac0de6dbcf0b5445a2ef25478ecc4c778",
                "sha256:6c4fcfa71e2c6a3cb568cf81aadc12768b9995323186a10827beccf5fa23d4f8",
                "sha256:6d88056a04860a98341a0cf53e950e3ac9f4e51d1b6f61a53b0609df342cc8b2",
                "sha256:705227dccbe96ab02c7cb2c43e1228e2826e7ead880bb19ec94ef279e9555b5b",
                "sha256:728be34f70a190566d20aa13dc1f01dc44b6aa74580e10a3fb159691bc76909d",
                "sha256:74dece2bfc60f0f70907c34b857ee98f2c6dd0f75185db133770cd67300d505f",
                "sha256:75c16b2a900b3536dfc7014905a128a2bea8fb01f9ee26d2d7d8db0a08e7cb2c",
                "sha256:77e913b846a6b9c5f767b14dc1e759e5aff05502fe73079f6f4176359d832581",
                "sha256:7a66c506ec67eb3159eea5096acd05f5e788ceec7b96087d30c7d2865a243918",
                "sha256:8c46d3d89902c393a1d1e243ac847e0442d0196bbd81aecc94fcebbc2fd5857c",
                "sha256:93202666046d9edadfe9f2e7bf5e0782ea0d497b6d63da322e541665d65a044e",
                "sha256:97209cc91189b48e7cfe777237c04af8e7cc51eb369004e061809bcdf4e55220",
                "sha256:a48f4f7fea9a51098b02209d90297ac324241bf37ff6be6d2b0149ab2bd51b37",
                "sha256:a783cd344113cb88c5ff7ca32f1f16532a6f2142185147822187913eb989f739",
                "sha256:ae0eec05ab49e91a78700761777f284c2df119376e391db42c38ab46fd662b77",
                "sha256:ae4d7ff1049f36accde9e1ef7301912a751e5bae0a9d142459646114c70ecba6",
                "sha256:b05df9ea7496df11b710081bd90ecc3a3db6adb4fee36f6a411e7bc91a18aa42",
                "sha256:baf211dcad448a87a0d9047dc8282d7de59473ade7d7fdf22150b1d23859f946",
                "sha256:bb81f753c815f6b8e2ddd2eef3c855cf7da193b82396ac013c661aaa6cc6b0a5",
                "sha256:bcd7bb1e5c45274af9a1dd7494d3c52b2be5e6bd8d7e49c612705fd45420b12d",
                "sha256:bf071f797aec5b96abfc735ab97da9fd8f8768b43ce2abd85356a3127909d146",
                "sha256:c15163b6125db87c8f53c98baa5e785782078fbd2dbeaa04c6141935eb6dab7a",
                "sha256:cb6d48d80a41f68de41212f3dfd1a9d9898d7841c8f7ce6696cf2fd9cb57ef83",
                "sha256:ceff9722e0df2e0a9e8a79c610842004fa54e5b309fe6d218e47cd52f791d7ef",
                "sha256:cfa2bbca929aa742b5084fd4663dd4b87c191c844326fcb21c3afd2d11497f80",
                "sha256:d617c241c8c3ad5c4e78a08429fa49e4b04bedfc507b34b4d8dceb83b4af3588",
                "sha256:d881d152ae0007809c2c02e22aa534e702f12071e6b285e90945aa3c376463c5",
                "sha256:da65c3f263729e47351261351b8679c6429151ef9649bba08ef2528ff2c423b2",
                "sha256:de986979bbd87272fe557e0a8fcb66fd40ae2ddfe28a8b1ce4eae22681728fef",
                "sha256:df60a94d332158b444301c7f569659c926168e4d4aad2cfbf4bce0e8fb8be826",
                "sha256:dfef7350ee369197106805e193d420b75467b6cceac646ea5ed3049fcc950a05",
                "sha256:e59399dda559688461762800d7fb34d9e8a6a7444fd76ec33220a926c8be1516",
                "sha256:e6f3515aafe0209dd17fb9bdd3b4e892963370b3de781f53e1746a521fb39fc0",
                "sha256:e7fd20d6576c10306dea2d6a5765f46f0ac5d6f53436217913e952d19237efc4",
                "sha256:ebb78745273e51b9832ef90c0898501006670d6e059f2cdb0e999494eb1450c2",
                "sha256:efff27bd8cbe1f9bd127e7894942ccc20c857aa8b5a0327874f30201e5ce83d0",
                "sha256:f37db05c6051eff17bc832914fe46869f8849de5b92dc4a3466cd63095d23dfd",
                "sha256:f8ca8ad414c85bbc50f49c0a106f951613dfa5f948ab69c10ce9b128d368baf8",
                "sha256:fb742dcdd5eec9f26b61224c23baea46c9055cf16f62475e11b9b15dfd5c117b",
                "sha256:fc77086ce244453e074e445104f0ecb27530d6fd3a46698e33f6c38951d5a0f1",
                "sha256:ff205b58dc2929191f68162633d5e10e8044398d7a45265f90a0f1d51f85f72c"
            ],
            "markers": "python_version >= '3.7'",
            "version": "==1.8.2"
        }
    },
    "develop": {}
}
